
Microsoft Visual Studio Solution File, Format Version 12.00
# Visual Studio Version 16
VisualStudioVersion = 16.0.31624.102
MinimumVisualStudioVersion = 10.0.40219.1
Project("{8BC9CEB8-8B4A-11D0-8D11-00A0C91BC942}") = "SGA_240812_ParameterProblem", "SGA_240812_ParameterProblem\SGA_240812_ParameterProblem.vcxproj", "{7FA1C91F-EF8A-4530-A26B-E6A9E0508C57}"
EndProject
Global
	GlobalSection(SolutionConfigurationPlatforms) = preSolution
		Debug|x64 = Debug|x64
		Debug|x86 = Debug|x86
		Release|x64 = Release|x64
		Release|x86 = Release|x86
	EndGlobalSection
	GlobalSection(ProjectConfigurationPlatforms) = postSolution
		{7FA1C91F-EF8A-4530-A26B-E6A9E0508C57}.Debug|x64.ActiveCfg = Debug|x64
		{7FA1C91F-EF8A-4530-A26B-E6A9E0508C57}.Debug|x64.Build.0 = Debug|x64
		{7FA1C91F-EF8A-4530-A26B-E6A9E0508C57}.Debug|x86.ActiveCfg = Debug|Win32
		{7FA1C91F-EF8A-4530-A26B-E6A9E0508C57}.Debug|x86.Build.0 = Debug|Win32
		{7FA1C91F-EF8A-4530-A26B-E6A9E0508C57}.Release|x64.ActiveCfg = Release|x64
		{7FA1C91F-EF8A-4530-A26B-E6A9E0508C57}.Release|x64.Build.0 = Release|x64
		{7FA1C91F-EF8A-4530-A26B-E6A9E0508C57}.Release|x86.ActiveCfg = Release|Win32
		{7FA1C91F-EF8A-4530-A26B-E6A9E0508C57}.Release|x86.Build.0 = Release|Win32
	EndGlobalSection
	GlobalSection(SolutionProperties) = preSolution
		HideSolutionNode = FALSE
	EndGlobalSection
	GlobalSection(ExtensibilityGlobals) = postSolution
		SolutionGuid = {2291C1BE-7B0C-43CA-9EA5-1FF82EE0C754}
	EndGlobalSection
EndGlobal
