
Microsoft Visual Studio Solution File, Format Version 12.00
# Visual Studio Version 16
VisualStudioVersion = 16.0.31624.102
MinimumVisualStudioVersion = 10.0.40219.1
Project("{8BC9CEB8-8B4A-11D0-8D11-00A0C91BC942}") = "SGA_241002_MacroFunctions", "SGA_241002_MacroFunctions\SGA_241002_MacroFunctions.vcxproj", "{603BE7BC-3EC6-4C16-9141-D3BF10B83059}"
EndProject
Global
	GlobalSection(SolutionConfigurationPlatforms) = preSolution
		Debug|x64 = Debug|x64
		Debug|x86 = Debug|x86
		Release|x64 = Release|x64
		Release|x86 = Release|x86
	EndGlobalSection
	GlobalSection(ProjectConfigurationPlatforms) = postSolution
		{603BE7BC-3EC6-4C16-9141-D3BF10B83059}.Debug|x64.ActiveCfg = Debug|x64
		{603BE7BC-3EC6-4C16-9141-D3BF10B83059}.Debug|x64.Build.0 = Debug|x64
		{603BE7BC-3EC6-4C16-9141-D3BF10B83059}.Debug|x86.ActiveCfg = Debug|Win32
		{603BE7BC-3EC6-4C16-9141-D3BF10B83059}.Debug|x86.Build.0 = Debug|Win32
		{603BE7BC-3EC6-4C16-9141-D3BF10B83059}.Release|x64.ActiveCfg = Release|x64
		{603BE7BC-3EC6-4C16-9141-D3BF10B83059}.Release|x64.Build.0 = Release|x64
		{603BE7BC-3EC6-4C16-9141-D3BF10B83059}.Release|x86.ActiveCfg = Release|Win32
		{603BE7BC-3EC6-4C16-9141-D3BF10B83059}.Release|x86.Build.0 = Release|Win32
	EndGlobalSection
	GlobalSection(SolutionProperties) = preSolution
		HideSolutionNode = FALSE
	EndGlobalSection
	GlobalSection(ExtensibilityGlobals) = postSolution
		SolutionGuid = {4CF18788-6C75-4964-ADE2-5F6F3C85D4ED}
	EndGlobalSection
EndGlobal
